
Microsoft Visual Studio Solution File, Format Version 12.00
# Visual Studio 15
VisualStudioVersion = 15.0.28307.960
MinimumVisualStudioVersion = 10.0.40219.1
Project("{FAE04EC0-301F-11D3-BF4B-00C04F79EFBC}") = "movie ticket boking", "movie ticket boking.csproj", "{B37A4EAA-1EBA-46FF-AFAE-78A6498FB579}"
EndProject
Global
	GlobalSection(SolutionConfigurationPlatforms) = preSolution
		Debug|Any CPU = Debug|Any CPU
		Release|Any CPU = Release|Any CPU
	EndGlobalSection
	GlobalSection(ProjectConfigurationPlatforms) = postSolution
		{B37A4EAA-1EBA-46FF-AFAE-78A6498FB579}.Debug|Any CPU.ActiveCfg = Debug|Any CPU
		{B37A4EAA-1EBA-46FF-AFAE-78A6498FB579}.Debug|Any CPU.Build.0 = Debug|Any CPU
		{B37A4EAA-1EBA-46FF-AFAE-78A6498FB579}.Release|Any CPU.ActiveCfg = Release|Any CPU
		{B37A4EAA-1EBA-46FF-AFAE-78A6498FB579}.Release|Any CPU.Build.0 = Release|Any CPU
	EndGlobalSection
	GlobalSection(SolutionProperties) = preSolution
		HideSolutionNode = FALSE
	EndGlobalSection
	GlobalSection(ExtensibilityGlobals) = postSolution
		SolutionGuid = {D13F7357-F94F-470E-9572-87F531279B87}
	EndGlobalSection
EndGlobal
